
Microsoft Visual Studio Solution File, Format Version 12.00
# Visual Studio Version 16
VisualStudioVersion = 16.0.29324.140
MinimumVisualStudioVersion = 10.0.40219.1
Project("{FAE04EC0-301F-11D3-BF4B-00C04F79EFBC}") = "TempalteProject2", "TempalteProject2\TempalteProject2.csproj", "{3B5D50A4-7825-47C4-B2A4-8660E3E9CA52}"
EndProject
Project("{FAE04EC0-301F-11D3-BF4B-00C04F79EFBC}") = "Core", "Core\Core.csproj", "{C782BAF6-AC52-4820-AB33-63A9BE962614}"
EndProject
Project("{FAE04EC0-301F-11D3-BF4B-00C04F79EFBC}") = "Infrastructure", "Infrastructure\Infrastructure.csproj", "{15B47F7E-990B-4517-B16E-46A36450F998}"
EndProject
Global
	GlobalSection(SolutionConfigurationPlatforms) = preSolution
		Debug|Any CPU = Debug|Any CPU
		Release|Any CPU = Release|Any CPU
	EndGlobalSection
	GlobalSection(ProjectConfigurationPlatforms) = postSolution
		{3B5D50A4-7825-47C4-B2A4-8660E3E9CA52}.Debug|Any CPU.ActiveCfg = Debug|Any CPU
		{3B5D50A4-7825-47C4-B2A4-8660E3E9CA52}.Debug|Any CPU.Build.0 = Debug|Any CPU
		{3B5D50A4-7825-47C4-B2A4-8660E3E9CA52}.Release|Any CPU.ActiveCfg = Release|Any CPU
		{3B5D50A4-7825-47C4-B2A4-8660E3E9CA52}.Release|Any CPU.Build.0 = Release|Any CPU
		{C782BAF6-AC52-4820-AB33-63A9BE962614}.Debug|Any CPU.ActiveCfg = Debug|Any CPU
		{C782BAF6-AC52-4820-AB33-63A9BE962614}.Debug|Any CPU.Build.0 = Debug|Any CPU
		{C782BAF6-AC52-4820-AB33-63A9BE962614}.Release|Any CPU.ActiveCfg = Release|Any CPU
		{C782BAF6-AC52-4820-AB33-63A9BE962614}.Release|Any CPU.Build.0 = Release|Any CPU
		{15B47F7E-990B-4517-B16E-46A36450F998}.Debug|Any CPU.ActiveCfg = Debug|Any CPU
		{15B47F7E-990B-4517-B16E-46A36450F998}.Debug|Any CPU.Build.0 = Debug|Any CPU
		{15B47F7E-990B-4517-B16E-46A36450F998}.Release|Any CPU.ActiveCfg = Release|Any CPU
		{15B47F7E-990B-4517-B16E-46A36450F998}.Release|Any CPU.Build.0 = Release|Any CPU
	EndGlobalSection
	GlobalSection(SolutionProperties) = preSolution
		HideSolutionNode = FALSE
	EndGlobalSection
	GlobalSection(ExtensibilityGlobals) = postSolution
		SolutionGuid = {F155C78F-3829-4445-A30F-4605F3B57A16}
	EndGlobalSection
EndGlobal
